
Microsoft Visual Studio Solution File, Format Version 12.00
# Visual Studio Version 16
VisualStudioVersion = 16.6.30114.105
MinimumVisualStudioVersion = 10.0.40219.1
Project("{6EC3EE1D-3C4E-46DD-8F32-0CC8E7565705}") = "WldMr.Excel.Core", "src\WldMr.Excel.Core\WldMr.Excel.Core.fsproj", "{05518AE8-E253-4546-A59C-376A481FD38D}"
EndProject
Project("{6EC3EE1D-3C4E-46DD-8F32-0CC8E7565705}") = "WldMr.Excel.Functions", "src\WldMr.Excel.Functions\WldMr.Excel.Functions.fsproj", "{041043B4-2D14-4999-9C3D-2A9B93CAEEBC}"
EndProject
Project("{2150E333-8FDC-42A3-9474-1A3956D46DE8}") = "Solution Items", "Solution Items", "{072839D5-95AE-4AE9-9C07-CBB77413E62B}"
	ProjectSection(SolutionItems) = preProject
		.editorconfig = .editorconfig
		.gitignore = .gitignore
		azure-pipelines.yml = azure-pipelines.yml
		fsharplint.json = fsharplint.json
		LICENSE = LICENSE
		paket.dependencies = paket.dependencies
		paket.lock = paket.lock
		README.md = README.md
		global.json = global.json
	EndProjectSection
EndProject
Project("{6EC3EE1D-3C4E-46DD-8F32-0CC8E7565705}") = "WldMr.Excel.Functions.Test", "tests\WldMr.Excel.Functions.Test\WldMr.Excel.Functions.Test.fsproj", "{D28885E2-A3FB-4A8C-80EE-93B9D16F2C35}"
EndProject
Project("{2150E333-8FDC-42A3-9474-1A3956D46DE8}") = "tests", "tests", "{7FE082AB-1313-4C33-8641-B0261751F354}"
EndProject
Project("{6EC3EE1D-3C4E-46DD-8F32-0CC8E7565705}") = "WldMr.Excel.Example", "examples\WldMr.Excel.Example\WldMr.Excel.Example.fsproj", "{B2806B31-3D1F-465E-80C9-BCBEA81A5D66}"
EndProject
Project("{2150E333-8FDC-42A3-9474-1A3956D46DE8}") = "examples", "examples", "{1C22CB01-2564-4975-8FC4-0D5F473ACA8D}"
EndProject
Project("{2150E333-8FDC-42A3-9474-1A3956D46DE8}") = "src", "src", "{263BA620-8B9D-4E98-96A0-B93C26F18128}"
EndProject
Project("{6EC3EE1D-3C4E-46DD-8F32-0CC8E7565705}") = "WldMr.Excel.Functions.Date", "src\WldMr.Excel.Functions.Date\WldMr.Excel.Functions.Date.fsproj", "{28A4D414-F046-420B-B465-CF13B8E932BB}"
EndProject
Global
	GlobalSection(SolutionConfigurationPlatforms) = preSolution
		Debug|Any CPU = Debug|Any CPU
		Release|Any CPU = Release|Any CPU
	EndGlobalSection
	GlobalSection(ProjectConfigurationPlatforms) = postSolution
		{05518AE8-E253-4546-A59C-376A481FD38D}.Debug|Any CPU.ActiveCfg = Debug|Any CPU
		{05518AE8-E253-4546-A59C-376A481FD38D}.Debug|Any CPU.Build.0 = Debug|Any CPU
		{05518AE8-E253-4546-A59C-376A481FD38D}.Release|Any CPU.ActiveCfg = Release|Any CPU
		{05518AE8-E253-4546-A59C-376A481FD38D}.Release|Any CPU.Build.0 = Release|Any CPU
		{041043B4-2D14-4999-9C3D-2A9B93CAEEBC}.Debug|Any CPU.ActiveCfg = Debug|Any CPU
		{041043B4-2D14-4999-9C3D-2A9B93CAEEBC}.Debug|Any CPU.Build.0 = Debug|Any CPU
		{041043B4-2D14-4999-9C3D-2A9B93CAEEBC}.Release|Any CPU.ActiveCfg = Release|Any CPU
		{041043B4-2D14-4999-9C3D-2A9B93CAEEBC}.Release|Any CPU.Build.0 = Release|Any CPU
		{D28885E2-A3FB-4A8C-80EE-93B9D16F2C35}.Debug|Any CPU.ActiveCfg = Debug|Any CPU
		{D28885E2-A3FB-4A8C-80EE-93B9D16F2C35}.Debug|Any CPU.Build.0 = Debug|Any CPU
		{D28885E2-A3FB-4A8C-80EE-93B9D16F2C35}.Release|Any CPU.ActiveCfg = Release|Any CPU
		{D28885E2-A3FB-4A8C-80EE-93B9D16F2C35}.Release|Any CPU.Build.0 = Release|Any CPU
		{B2806B31-3D1F-465E-80C9-BCBEA81A5D66}.Debug|Any CPU.ActiveCfg = Debug|Any CPU
		{B2806B31-3D1F-465E-80C9-BCBEA81A5D66}.Debug|Any CPU.Build.0 = Debug|Any CPU
		{B2806B31-3D1F-465E-80C9-BCBEA81A5D66}.Release|Any CPU.ActiveCfg = Release|Any CPU
		{B2806B31-3D1F-465E-80C9-BCBEA81A5D66}.Release|Any CPU.Build.0 = Release|Any CPU
		{28A4D414-F046-420B-B465-CF13B8E932BB}.Debug|Any CPU.ActiveCfg = Debug|Any CPU
		{28A4D414-F046-420B-B465-CF13B8E932BB}.Debug|Any CPU.Build.0 = Debug|Any CPU
		{28A4D414-F046-420B-B465-CF13B8E932BB}.Release|Any CPU.ActiveCfg = Release|Any CPU
		{28A4D414-F046-420B-B465-CF13B8E932BB}.Release|Any CPU.Build.0 = Release|Any CPU
	EndGlobalSection
	GlobalSection(SolutionProperties) = preSolution
		HideSolutionNode = FALSE
	EndGlobalSection
	GlobalSection(NestedProjects) = preSolution
		{05518AE8-E253-4546-A59C-376A481FD38D} = {263BA620-8B9D-4E98-96A0-B93C26F18128}
		{041043B4-2D14-4999-9C3D-2A9B93CAEEBC} = {263BA620-8B9D-4E98-96A0-B93C26F18128}
		{D28885E2-A3FB-4A8C-80EE-93B9D16F2C35} = {7FE082AB-1313-4C33-8641-B0261751F354}
		{B2806B31-3D1F-465E-80C9-BCBEA81A5D66} = {1C22CB01-2564-4975-8FC4-0D5F473ACA8D}
		{28A4D414-F046-420B-B465-CF13B8E932BB} = {263BA620-8B9D-4E98-96A0-B93C26F18128}
	EndGlobalSection
	GlobalSection(ExtensibilityGlobals) = postSolution
		SolutionGuid = {6AA08573-AB63-46ED-867C-51209C984FB3}
	EndGlobalSection
EndGlobal
